
Microsoft Visual Studio Solution File, Format Version 12.00
# Visual Studio Version 16
VisualStudioVersion = 16.0.28803.202
MinimumVisualStudioVersion = 10.0.40219.1
Project("{FAE04EC0-301F-11D3-BF4B-00C04F79EFBC}") = "FileExtApp", "FileExtApp.csproj", "{0A2043BE-5F2D-4969-97C3-08CEEC8C73AE}"
EndProject
Global
	GlobalSection(SolutionConfigurationPlatforms) = preSolution
		Debug|Any CPU = Debug|Any CPU
		Release|Any CPU = Release|Any CPU
	EndGlobalSection
	GlobalSection(ProjectConfigurationPlatforms) = postSolution
		{0A2043BE-5F2D-4969-97C3-08CEEC8C73AE}.Debug|Any CPU.ActiveCfg = Debug|Any CPU
		{0A2043BE-5F2D-4969-97C3-08CEEC8C73AE}.Debug|Any CPU.Build.0 = Debug|Any CPU
		{0A2043BE-5F2D-4969-97C3-08CEEC8C73AE}.Release|Any CPU.ActiveCfg = Release|Any CPU
		{0A2043BE-5F2D-4969-97C3-08CEEC8C73AE}.Release|Any CPU.Build.0 = Release|Any CPU
	EndGlobalSection
	GlobalSection(SolutionProperties) = preSolution
		HideSolutionNode = FALSE
	EndGlobalSection
	GlobalSection(ExtensibilityGlobals) = postSolution
		SolutionGuid = {56371BAC-BB0F-49F0-AFAA-92D59486648B}
	EndGlobalSection
EndGlobal
